
Microsoft Visual Studio Solution File, Format Version 12.00
Project("{FAE04EC0-301F-11D3-BF4B-00C04F79EFBC}") = "AspNetCore", "AspNetCore\AspNetCore.csproj", "{61B9B3A9-C92B-4B12-94B5-9A4DD9331984}"
EndProject
Project("{FAE04EC0-301F-11D3-BF4B-00C04F79EFBC}") = "AspNetCore.Tests", "AspNetCore.Tests\AspNetCore.Tests.csproj", "{C777F7DB-968C-4E2B-B338-81445275E25B}"
EndProject
Project("{2150E333-8FDC-42A3-9474-1A3956D46DE8}") = "src", "src", "{6F055C06-4504-486E-9F84-721D08450E29}"
	ProjectSection(SolutionItems) = preProject
		.editorconfig = .editorconfig
	EndProjectSection
EndProject
Project("{2150E333-8FDC-42A3-9474-1A3956D46DE8}") = "tests", "tests", "{7B70C42B-F2E7-4171-90CA-9FFA6795C99D}"
EndProject
Project("{2150E333-8FDC-42A3-9474-1A3956D46DE8}") = "Api", "Api", "{6C505906-A61A-4F50-856B-D9AB98601F15}"
EndProject
Project("{2150E333-8FDC-42A3-9474-1A3956D46DE8}") = "Core", "Core", "{7D97F5D7-F6CE-4516-977F-A701A4C15D8E}"
EndProject
Project("{FAE04EC0-301F-11D3-BF4B-00C04F79EFBC}") = "Application", "Application\Application.csproj", "{E045677F-422C-4D19-8F24-C92116CB6D3B}"
EndProject
Project("{2150E333-8FDC-42A3-9474-1A3956D46DE8}") = "Infrastructure", "Infrastructure", "{1960BC2D-4602-4EEA-87EF-E52E1DAC9D12}"
EndProject
Project("{FAE04EC0-301F-11D3-BF4B-00C04F79EFBC}") = "PostgreSql", "PostgreSql\PostgreSql.csproj", "{C34C5910-F5C1-4180-8CD4-30FB34CC3866}"
EndProject
Project("{FAE04EC0-301F-11D3-BF4B-00C04F79EFBC}") = "Data", "Data\Data.csproj", "{D2C250F4-6BD8-493C-B75B-B16309E19B24}"
EndProject
Project("{FAE04EC0-301F-11D3-BF4B-00C04F79EFBC}") = "Common", "Common\Common.csproj", "{C86B9387-8691-49C2-A95A-91ED90C6F3AB}"
EndProject
Global
	GlobalSection(SolutionConfigurationPlatforms) = preSolution
		Debug|Any CPU = Debug|Any CPU
		Release|Any CPU = Release|Any CPU
	EndGlobalSection
	GlobalSection(ProjectConfigurationPlatforms) = postSolution
		{61B9B3A9-C92B-4B12-94B5-9A4DD9331984}.Debug|Any CPU.ActiveCfg = Debug|Any CPU
		{61B9B3A9-C92B-4B12-94B5-9A4DD9331984}.Debug|Any CPU.Build.0 = Debug|Any CPU
		{61B9B3A9-C92B-4B12-94B5-9A4DD9331984}.Release|Any CPU.ActiveCfg = Release|Any CPU
		{61B9B3A9-C92B-4B12-94B5-9A4DD9331984}.Release|Any CPU.Build.0 = Release|Any CPU
		{C777F7DB-968C-4E2B-B338-81445275E25B}.Debug|Any CPU.ActiveCfg = Debug|Any CPU
		{C777F7DB-968C-4E2B-B338-81445275E25B}.Debug|Any CPU.Build.0 = Debug|Any CPU
		{C777F7DB-968C-4E2B-B338-81445275E25B}.Release|Any CPU.ActiveCfg = Release|Any CPU
		{C777F7DB-968C-4E2B-B338-81445275E25B}.Release|Any CPU.Build.0 = Release|Any CPU
		{E045677F-422C-4D19-8F24-C92116CB6D3B}.Debug|Any CPU.ActiveCfg = Debug|Any CPU
		{E045677F-422C-4D19-8F24-C92116CB6D3B}.Debug|Any CPU.Build.0 = Debug|Any CPU
		{E045677F-422C-4D19-8F24-C92116CB6D3B}.Release|Any CPU.ActiveCfg = Release|Any CPU
		{E045677F-422C-4D19-8F24-C92116CB6D3B}.Release|Any CPU.Build.0 = Release|Any CPU
		{C34C5910-F5C1-4180-8CD4-30FB34CC3866}.Debug|Any CPU.ActiveCfg = Debug|Any CPU
		{C34C5910-F5C1-4180-8CD4-30FB34CC3866}.Debug|Any CPU.Build.0 = Debug|Any CPU
		{C34C5910-F5C1-4180-8CD4-30FB34CC3866}.Release|Any CPU.ActiveCfg = Release|Any CPU
		{C34C5910-F5C1-4180-8CD4-30FB34CC3866}.Release|Any CPU.Build.0 = Release|Any CPU
		{D2C250F4-6BD8-493C-B75B-B16309E19B24}.Debug|Any CPU.ActiveCfg = Debug|Any CPU
		{D2C250F4-6BD8-493C-B75B-B16309E19B24}.Debug|Any CPU.Build.0 = Debug|Any CPU
		{D2C250F4-6BD8-493C-B75B-B16309E19B24}.Release|Any CPU.ActiveCfg = Release|Any CPU
		{D2C250F4-6BD8-493C-B75B-B16309E19B24}.Release|Any CPU.Build.0 = Release|Any CPU
		{C86B9387-8691-49C2-A95A-91ED90C6F3AB}.Debug|Any CPU.ActiveCfg = Debug|Any CPU
		{C86B9387-8691-49C2-A95A-91ED90C6F3AB}.Debug|Any CPU.Build.0 = Debug|Any CPU
		{C86B9387-8691-49C2-A95A-91ED90C6F3AB}.Release|Any CPU.ActiveCfg = Release|Any CPU
		{C86B9387-8691-49C2-A95A-91ED90C6F3AB}.Release|Any CPU.Build.0 = Release|Any CPU
	EndGlobalSection
	GlobalSection(NestedProjects) = preSolution
		{C777F7DB-968C-4E2B-B338-81445275E25B} = {7B70C42B-F2E7-4171-90CA-9FFA6795C99D}
		{6C505906-A61A-4F50-856B-D9AB98601F15} = {6F055C06-4504-486E-9F84-721D08450E29}
		{61B9B3A9-C92B-4B12-94B5-9A4DD9331984} = {6C505906-A61A-4F50-856B-D9AB98601F15}
		{7D97F5D7-F6CE-4516-977F-A701A4C15D8E} = {6F055C06-4504-486E-9F84-721D08450E29}
		{E045677F-422C-4D19-8F24-C92116CB6D3B} = {7D97F5D7-F6CE-4516-977F-A701A4C15D8E}
		{1960BC2D-4602-4EEA-87EF-E52E1DAC9D12} = {6F055C06-4504-486E-9F84-721D08450E29}
		{C34C5910-F5C1-4180-8CD4-30FB34CC3866} = {1960BC2D-4602-4EEA-87EF-E52E1DAC9D12}
		{D2C250F4-6BD8-493C-B75B-B16309E19B24} = {1960BC2D-4602-4EEA-87EF-E52E1DAC9D12}
		{C86B9387-8691-49C2-A95A-91ED90C6F3AB} = {7D97F5D7-F6CE-4516-977F-A701A4C15D8E}
	EndGlobalSection
EndGlobal
